
Microsoft Visual Studio Solution File, Format Version 12.00
Project("{FAE04EC0-301F-11D3-BF4B-00C04F79EFBC}") = "FreeGameIsAFreeGame.Scraper.PlayStationPlus", "FreeGameIsAFreeGame.Scraper.PlayStationPlus\FreeGameIsAFreeGame.Scraper.PlayStationPlus.csproj", "{796129D5-6C7A-4C31-9F08-9B23423966CB}"
EndProject
Global
	GlobalSection(SolutionConfigurationPlatforms) = preSolution
		Debug|Any CPU = Debug|Any CPU
		Release|Any CPU = Release|Any CPU
	EndGlobalSection
	GlobalSection(ProjectConfigurationPlatforms) = postSolution
		{796129D5-6C7A-4C31-9F08-9B23423966CB}.Debug|Any CPU.ActiveCfg = Debug|Any CPU
		{796129D5-6C7A-4C31-9F08-9B23423966CB}.Debug|Any CPU.Build.0 = Debug|Any CPU
		{796129D5-6C7A-4C31-9F08-9B23423966CB}.Release|Any CPU.ActiveCfg = Release|Any CPU
		{796129D5-6C7A-4C31-9F08-9B23423966CB}.Release|Any CPU.Build.0 = Release|Any CPU
	EndGlobalSection
EndGlobal
